// !$*UTF8*$!
{
	archiveVersion = 1;
	classes = {
	};
	objectVersion = 55;
	objects = {

/* Begin PBXBuildFile section */
		540ABCA327665E20003AD700 /* Settings.bundle in Resources */ = {isa = PBXBuildFile; fileRef = 540ABCA227665E1F003AD700 /* Settings.bundle */; };
		540ABCA82766A121003AD700 /* EmptyTableView.swift in Sources */ = {isa = PBXBuildFile; fileRef = 540ABCA72766A121003AD700 /* EmptyTableView.swift */; };
		540F087F2762C15D00D893AF /* StateTableViewCell.swift in Sources */ = {isa = PBXBuildFile; fileRef = 540F087D2762C15D00D893AF /* StateTableViewCell.swift */; };
		540F08802762C15D00D893AF /* StateTableViewCell.xib in Resources */ = {isa = PBXBuildFile; fileRef = 540F087E2762C15D00D893AF /* StateTableViewCell.xib */; };
		542C21D42745835500F7CF3B /* StateViewController.swift in Sources */ = {isa = PBXBuildFile; fileRef = 542C21D32745835500F7CF3B /* StateViewController.swift */; };
		542C21DB2746906100F7CF3B /* Context.swift in Sources */ = {isa = PBXBuildFile; fileRef = 542C21DA2746906100F7CF3B /* Context.swift */; };
		542C21E12746928F00F7CF3B /* FilipeJessicaCarol.xcdatamodeld in Sources */ = {isa = PBXBuildFile; fileRef = 542C21DF2746928F00F7CF3B /* FilipeJessicaCarol.xcdatamodeld */; };
		542C222A27469A3200F7CF3B /* Purchase.swift in Sources */ = {isa = PBXBuildFile; fileRef = 542C222927469A3200F7CF3B /* Purchase.swift */; };
		542C222D2746E2C900F7CF3B /* State.swift in Sources */ = {isa = PBXBuildFile; fileRef = 542C222C2746E2C900F7CF3B /* State.swift */; };
		5497AE08273DFD4A00E37A6C /* AppDelegate.swift in Sources */ = {isa = PBXBuildFile; fileRef = 5497AE07273DFD4A00E37A6C /* AppDelegate.swift */; };
		5497AE0A273DFD4A00E37A6C /* SceneDelegate.swift in Sources */ = {isa = PBXBuildFile; fileRef = 5497AE09273DFD4A00E37A6C /* SceneDelegate.swift */; };
		5497AE0C273DFD4A00E37A6C /* HomeViewController.swift in Sources */ = {isa = PBXBuildFile; fileRef = 5497AE0B273DFD4A00E37A6C /* HomeViewController.swift */; };
		5497AE0F273DFD4A00E37A6C /* Main.storyboard in Resources */ = {isa = PBXBuildFile; fileRef = 5497AE0D273DFD4A00E37A6C /* Main.storyboard */; };
		5497AE11273DFD4C00E37A6C /* Assets.xcassets in Resources */ = {isa = PBXBuildFile; fileRef = 5497AE10273DFD4C00E37A6C /* Assets.xcassets */; };
		5497AE14273DFD4C00E37A6C /* LaunchScreen.storyboard in Resources */ = {isa = PBXBuildFile; fileRef = 5497AE12273DFD4C00E37A6C /* LaunchScreen.storyboard */; };
		5497AE1E273E254B00E37A6C /* HomeView.storyboard in Resources */ = {isa = PBXBuildFile; fileRef = 5497AE1D273E254B00E37A6C /* HomeView.storyboard */; };
		5497AE24273E2E7A00E37A6C /* SettingsView.storyboard in Resources */ = {isa = PBXBuildFile; fileRef = 5497AE23273E2E7A00E37A6C /* SettingsView.storyboard */; };
		5497AE2A273E301C00E37A6C /* PurchasesView.storyboard in Resources */ = {isa = PBXBuildFile; fileRef = 5497AE29273E301C00E37A6C /* PurchasesView.storyboard */; };
		5497AE2C273E38D500E37A6C /* DetailProductViewController.swift in Sources */ = {isa = PBXBuildFile; fileRef = 5497AE2B273E38D500E37A6C /* DetailProductViewController.swift */; };
		54A5A0732762ACBA00B0F2C0 /* StateController.swift in Sources */ = {isa = PBXBuildFile; fileRef = 54A5A0722762ACBA00B0F2C0 /* StateController.swift */; };
		54BCDDFF2749DB39005E78BB /* DetailTableViewCell.swift in Sources */ = {isa = PBXBuildFile; fileRef = 54BCDDFD2749DB39005E78BB /* DetailTableViewCell.swift */; };
		54BCDE002749DB39005E78BB /* DetailTableViewCell.xib in Resources */ = {isa = PBXBuildFile; fileRef = 54BCDDFE2749DB39005E78BB /* DetailTableViewCell.xib */; };
		54BF8A3A2749964300388AB4 /* HomeController.swift in Sources */ = {isa = PBXBuildFile; fileRef = 54BF8A392749964300388AB4 /* HomeController.swift */; };
/* End PBXBuildFile section */

/* Begin PBXFileReference section */
		540ABCA227665E1F003AD700 /* Settings.bundle */ = {isa = PBXFileReference; lastKnownFileType = "wrapper.plug-in"; path = Settings.bundle; sourceTree = "<group>"; };
		540ABCA72766A121003AD700 /* EmptyTableView.swift */ = {isa = PBXFileReference; lastKnownFileType = sourcecode.swift; path = EmptyTableView.swift; sourceTree = "<group>"; };
		540F087D2762C15D00D893AF /* StateTableViewCell.swift */ = {isa = PBXFileReference; lastKnownFileType = sourcecode.swift; path = StateTableViewCell.swift; sourceTree = "<group>"; };
		540F087E2762C15D00D893AF /* StateTableViewCell.xib */ = {isa = PBXFileReference; lastKnownFileType = file.xib; path = StateTableViewCell.xib; sourceTree = "<group>"; };
		542C21D32745835500F7CF3B /* StateViewController.swift */ = {isa = PBXFileReference; lastKnownFileType = sourcecode.swift; path = StateViewController.swift; sourceTree = "<group>"; };
		542C21DA2746906100F7CF3B /* Context.swift */ = {isa = PBXFileReference; lastKnownFileType = sourcecode.swift; path = Context.swift; sourceTree = "<group>"; };
		542C21E02746928F00F7CF3B /* CoreData.xcdatamodel */ = {isa = PBXFileReference; lastKnownFileType = wrapper.xcdatamodel; path = CoreData.xcdatamodel; sourceTree = "<group>"; };
		542C222927469A3200F7CF3B /* Purchase.swift */ = {isa = PBXFileReference; lastKnownFileType = sourcecode.swift; path = Purchase.swift; sourceTree = "<group>"; };
		542C222C2746E2C900F7CF3B /* State.swift */ = {isa = PBXFileReference; lastKnownFileType = sourcecode.swift; path = State.swift; sourceTree = "<group>"; };
		5497AE04273DFD4A00E37A6C /* FilipeJessicaCarol.app */ = {isa = PBXFileReference; explicitFileType = wrapper.application; includeInIndex = 0; path = FilipeJessicaCarol.app; sourceTree = BUILT_PRODUCTS_DIR; };
		5497AE07273DFD4A00E37A6C /* AppDelegate.swift */ = {isa = PBXFileReference; lastKnownFileType = sourcecode.swift; path = AppDelegate.swift; sourceTree = "<group>"; };
		5497AE09273DFD4A00E37A6C /* SceneDelegate.swift */ = {isa = PBXFileReference; lastKnownFileType = sourcecode.swift; path = SceneDelegate.swift; sourceTree = "<group>"; };
		5497AE0B273DFD4A00E37A6C /* HomeViewController.swift */ = {isa = PBXFileReference; lastKnownFileType = sourcecode.swift; path = HomeViewController.swift; sourceTree = "<group>"; };
		5497AE0E273DFD4A00E37A6C /* Base */ = {isa = PBXFileReference; lastKnownFileType = file.storyboard; name = Base; path = Base.lproj/Main.storyboard; sourceTree = "<group>"; };
		5497AE10273DFD4C00E37A6C /* Assets.xcassets */ = {isa = PBXFileReference; lastKnownFileType = folder.assetcatalog; path = Assets.xcassets; sourceTree = "<group>"; };
		5497AE13273DFD4C00E37A6C /* Base */ = {isa = PBXFileReference; lastKnownFileType = file.storyboard; name = Base; path = Base.lproj/LaunchScreen.storyboard; sourceTree = "<group>"; };
		5497AE15273DFD4C00E37A6C /* Info.plist */ = {isa = PBXFileReference; lastKnownFileType = text.plist.xml; path = Info.plist; sourceTree = "<group>"; };
		5497AE1D273E254B00E37A6C /* HomeView.storyboard */ = {isa = PBXFileReference; lastKnownFileType = file.storyboard; path = HomeView.storyboard; sourceTree = "<group>"; };
		5497AE23273E2E7A00E37A6C /* SettingsView.storyboard */ = {isa = PBXFileReference; lastKnownFileType = file.storyboard; path = SettingsView.storyboard; sourceTree = "<group>"; };
		5497AE29273E301C00E37A6C /* PurchasesView.storyboard */ = {isa = PBXFileReference; lastKnownFileType = file.storyboard; path = PurchasesView.storyboard; sourceTree = "<group>"; };
		5497AE2B273E38D500E37A6C /* DetailProductViewController.swift */ = {isa = PBXFileReference; lastKnownFileType = sourcecode.swift; path = DetailProductViewController.swift; sourceTree = "<group>"; };
		54A5A0722762ACBA00B0F2C0 /* StateController.swift */ = {isa = PBXFileReference; lastKnownFileType = sourcecode.swift; path = StateController.swift; sourceTree = "<group>"; };
		54BCDDFD2749DB39005E78BB /* DetailTableViewCell.swift */ = {isa = PBXFileReference; lastKnownFileType = sourcecode.swift; path = DetailTableViewCell.swift; sourceTree = "<group>"; };
		54BCDDFE2749DB39005E78BB /* DetailTableViewCell.xib */ = {isa = PBXFileReference; lastKnownFileType = file.xib; path = DetailTableViewCell.xib; sourceTree = "<group>"; };
		54BF8A392749964300388AB4 /* HomeController.swift */ = {isa = PBXFileReference; lastKnownFileType = sourcecode.swift; path = HomeController.swift; sourceTree = "<group>"; };
/* End PBXFileReference section */

/* Begin PBXFrameworksBuildPhase section */
		5497AE01273DFD4A00E37A6C /* Frameworks */ = {
			isa = PBXFrameworksBuildPhase;
			buildActionMask = 2147483647;
			files = (
			);
			runOnlyForDeploymentPostprocessing = 0;
		};
/* End PBXFrameworksBuildPhase section */

/* Begin PBXGroup section */
		540ABCA427666601003AD700 /* Helpers */ = {
			isa = PBXGroup;
			children = (
			);
			path = Helpers;
			sourceTree = "<group>";
		};
		542C21D52745888F00F7CF3B /* Controllers */ = {
			isa = PBXGroup;
			children = (
				54A5A0722762ACBA00B0F2C0 /* StateController.swift */,
			);
			path = Controllers;
			sourceTree = "<group>";
		};
		542C21D92746904B00F7CF3B /* Extensions */ = {
			isa = PBXGroup;
			children = (
				542C21DA2746906100F7CF3B /* Context.swift */,
				540ABCA72766A121003AD700 /* EmptyTableView.swift */,
			);
			path = Extensions;
			sourceTree = "<group>";
		};
		542C222827469A0C00F7CF3B /* Models */ = {
			isa = PBXGroup;
			children = (
				542C222927469A3200F7CF3B /* Purchase.swift */,
			);
			path = Models;
			sourceTree = "<group>";
		};
		542C222B2746E2BB00F7CF3B /* Models */ = {
			isa = PBXGroup;
			children = (
				542C222C2746E2C900F7CF3B /* State.swift */,
			);
			path = Models;
			sourceTree = "<group>";
		};
		5497ADFB273DFD4A00E37A6C = {
			isa = PBXGroup;
			children = (
				5497AE06273DFD4A00E37A6C /* FilipeJessicaCarol */,
				5497AE05273DFD4A00E37A6C /* Products */,
			);
			sourceTree = "<group>";
		};
		5497AE05273DFD4A00E37A6C /* Products */ = {
			isa = PBXGroup;
			children = (
				5497AE04273DFD4A00E37A6C /* FilipeJessicaCarol.app */,
			);
			name = Products;
			sourceTree = "<group>";
		};
		5497AE06273DFD4A00E37A6C /* FilipeJessicaCarol */ = {
			isa = PBXGroup;
			children = (
				540ABCA427666601003AD700 /* Helpers */,
				540ABCA227665E1F003AD700 /* Settings.bundle */,
				542C21D92746904B00F7CF3B /* Extensions */,
				5497AE1F273E270300E37A6C /* Modules */,
				5497AE07273DFD4A00E37A6C /* AppDelegate.swift */,
				5497AE09273DFD4A00E37A6C /* SceneDelegate.swift */,
				5497AE0D273DFD4A00E37A6C /* Main.storyboard */,
				5497AE10273DFD4C00E37A6C /* Assets.xcassets */,
				5497AE12273DFD4C00E37A6C /* LaunchScreen.storyboard */,
				5497AE15273DFD4C00E37A6C /* Info.plist */,
				542C21DF2746928F00F7CF3B /* FilipeJessicaCarol.xcdatamodeld */,
			);
			path = FilipeJessicaCarol;
			sourceTree = "<group>";
		};
		5497AE1F273E270300E37A6C /* Modules */ = {
			isa = PBXGroup;
			children = (
				5497AE27273E2FFE00E37A6C /* Purchases */,
				5497AE25273E2E9100E37A6C /* Settings */,
				5497AE20273E270C00E37A6C /* Home */,
			);
			path = Modules;
			sourceTree = "<group>";
		};
		5497AE20273E270C00E37A6C /* Home */ = {
			isa = PBXGroup;
			children = (
				542C222827469A0C00F7CF3B /* Models */,
				5497AE22273E2BCD00E37A6C /* Controllers */,
				5497AE21273E271D00E37A6C /* Views */,
			);
			path = Home;
			sourceTree = "<group>";
		};
		5497AE21273E271D00E37A6C /* Views */ = {
			isa = PBXGroup;
			children = (
				5497AE1D273E254B00E37A6C /* HomeView.storyboard */,
				5497AE2B273E38D500E37A6C /* DetailProductViewController.swift */,
				5497AE0B273DFD4A00E37A6C /* HomeViewController.swift */,
				54BCDDFD2749DB39005E78BB /* DetailTableViewCell.swift */,
				54BCDDFE2749DB39005E78BB /* DetailTableViewCell.xib */,
			);
			path = Views;
			sourceTree = "<group>";
		};
		5497AE22273E2BCD00E37A6C /* Controllers */ = {
			isa = PBXGroup;
			children = (
				54BF8A392749964300388AB4 /* HomeController.swift */,
			);
			path = Controllers;
			sourceTree = "<group>";
		};
		5497AE25273E2E9100E37A6C /* Settings */ = {
			isa = PBXGroup;
			children = (
				542C222B2746E2BB00F7CF3B /* Models */,
				542C21D52745888F00F7CF3B /* Controllers */,
				5497AE26273E2E9A00E37A6C /* Views */,
			);
			path = Settings;
			sourceTree = "<group>";
		};
		5497AE26273E2E9A00E37A6C /* Views */ = {
			isa = PBXGroup;
			children = (
				542C21D32745835500F7CF3B /* StateViewController.swift */,
				5497AE23273E2E7A00E37A6C /* SettingsView.storyboard */,
				540F087D2762C15D00D893AF /* StateTableViewCell.swift */,
				540F087E2762C15D00D893AF /* StateTableViewCell.xib */,
			);
			path = Views;
			sourceTree = "<group>";
		};
		5497AE27273E2FFE00E37A6C /* Purchases */ = {
			isa = PBXGroup;
			children = (
				5497AE28273E300600E37A6C /* Views */,
			);
			path = Purchases;
			sourceTree = "<group>";
		};
		5497AE28273E300600E37A6C /* Views */ = {
			isa = PBXGroup;
			children = (
				5497AE29273E301C00E37A6C /* PurchasesView.storyboard */,
			);
			path = Views;
			sourceTree = "<group>";
		};
/* End PBXGroup section */

/* Begin PBXNativeTarget section */
		5497AE03273DFD4A00E37A6C /* FilipeJessicaCarol */ = {
			isa = PBXNativeTarget;
			buildConfigurationList = 5497AE18273DFD4C00E37A6C /* Build configuration list for PBXNativeTarget "FilipeJessicaCarol" */;
			buildPhases = (
				5497AE00273DFD4A00E37A6C /* Sources */,
				5497AE01273DFD4A00E37A6C /* Frameworks */,
				5497AE02273DFD4A00E37A6C /* Resources */,
			);
			buildRules = (
			);
			dependencies = (
			);
			name = FilipeJessicaCarol;
			productName = FilipeJessicaCarol;
			productReference = 5497AE04273DFD4A00E37A6C /* FilipeJessicaCarol.app */;
			productType = "com.apple.product-type.application";
		};
/* End PBXNativeTarget section */

/* Begin PBXProject section */
		5497ADFC273DFD4A00E37A6C /* Project object */ = {
			isa = PBXProject;
			attributes = {
				BuildIndependentTargetsInParallel = 1;
				LastSwiftUpdateCheck = 1310;
				LastUpgradeCheck = 1310;
				TargetAttributes = {
					5497AE03273DFD4A00E37A6C = {
						CreatedOnToolsVersion = 13.1;
					};
				};
			};
			buildConfigurationList = 5497ADFF273DFD4A00E37A6C /* Build configuration list for PBXProject "FilipeJessicaCarol" */;
			compatibilityVersion = "Xcode 13.0";
			developmentRegion = en;
			hasScannedForEncodings = 0;
			knownRegions = (
				en,
				Base,
			);
			mainGroup = 5497ADFB273DFD4A00E37A6C;
			productRefGroup = 5497AE05273DFD4A00E37A6C /* Products */;
			projectDirPath = "";
			projectRoot = "";
			targets = (
				5497AE03273DFD4A00E37A6C /* FilipeJessicaCarol */,
			);
		};
/* End PBXProject section */

/* Begin PBXResourcesBuildPhase section */
		5497AE02273DFD4A00E37A6C /* Resources */ = {
			isa = PBXResourcesBuildPhase;
			buildActionMask = 2147483647;
			files = (
				5497AE14273DFD4C00E37A6C /* LaunchScreen.storyboard in Resources */,
				5497AE2A273E301C00E37A6C /* PurchasesView.storyboard in Resources */,
				5497AE11273DFD4C00E37A6C /* Assets.xcassets in Resources */,
				540F08802762C15D00D893AF /* StateTableViewCell.xib in Resources */,
				5497AE0F273DFD4A00E37A6C /* Main.storyboard in Resources */,
				5497AE1E273E254B00E37A6C /* HomeView.storyboard in Resources */,
				54BCDE002749DB39005E78BB /* DetailTableViewCell.xib in Resources */,
				540ABCA327665E20003AD700 /* Settings.bundle in Resources */,
				5497AE24273E2E7A00E37A6C /* SettingsView.storyboard in Resources */,
			);
			runOnlyForDeploymentPostprocessing = 0;
		};
/* End PBXResourcesBuildPhase section */

/* Begin PBXSourcesBuildPhase section */
		5497AE00273DFD4A00E37A6C /* Sources */ = {
			isa = PBXSourcesBuildPhase;
			buildActionMask = 2147483647;
			files = (
				5497AE0C273DFD4A00E37A6C /* HomeViewController.swift in Sources */,
				54A5A0732762ACBA00B0F2C0 /* StateController.swift in Sources */,
				5497AE08273DFD4A00E37A6C /* AppDelegate.swift in Sources */,
				542C21DB2746906100F7CF3B /* Context.swift in Sources */,
				540F087F2762C15D00D893AF /* StateTableViewCell.swift in Sources */,
				5497AE2C273E38D500E37A6C /* DetailProductViewController.swift in Sources */,
				54BF8A3A2749964300388AB4 /* HomeController.swift in Sources */,
				540ABCA82766A121003AD700 /* EmptyTableView.swift in Sources */,
				542C222A27469A3200F7CF3B /* Purchase.swift in Sources */,
				542C222D2746E2C900F7CF3B /* State.swift in Sources */,
				5497AE0A273DFD4A00E37A6C /* SceneDelegate.swift in Sources */,
				542C21D42745835500F7CF3B /* StateViewController.swift in Sources */,
				542C21E12746928F00F7CF3B /* FilipeJessicaCarol.xcdatamodeld in Sources */,
				54BCDDFF2749DB39005E78BB /* DetailTableViewCell.swift in Sources */,
			);
			runOnlyForDeploymentPostprocessing = 0;
		};
/* End PBXSourcesBuildPhase section */

/* Begin PBXVariantGroup section */
		5497AE0D273DFD4A00E37A6C /* Main.storyboard */ = {
			isa = PBXVariantGroup;
			children = (
				5497AE0E273DFD4A00E37A6C /* Base */,
			);
			name = Main.storyboard;
			sourceTree = "<group>";
		};
		5497AE12273DFD4C00E37A6C /* LaunchScreen.storyboard */ = {
			isa = PBXVariantGroup;
			children = (
				5497AE13273DFD4C00E37A6C /* Base */,
			);
			name = LaunchScreen.storyboard;
			sourceTree = "<group>";
		};
/* End PBXVariantGroup section */

/* Begin XCBuildConfiguration section */
		5497AE16273DFD4C00E37A6C /* Debug */ = {
			isa = XCBuildConfiguration;
			buildSettings = {
				ALWAYS_SEARCH_USER_PATHS = NO;
				CLANG_ANALYZER_NONNULL = YES;
				CLANG_ANALYZER_NUMBER_OBJECT_CONVERSION = YES_AGGRESSIVE;
				CLANG_CXX_LANGUAGE_STANDARD = "gnu++17";
				CLANG_CXX_LIBRARY = "libc++";
				CLANG_ENABLE_MODULES = YES;
				CLANG_ENABLE_OBJC_ARC = YES;
				CLANG_ENABLE_OBJC_WEAK = YES;
				CLANG_WARN_BLOCK_CAPTURE_AUTORELEASING = YES;
				CLANG_WARN_BOOL_CONVERSION = YES;
				CLANG_WARN_COMMA = YES;
				CLANG_WARN_CONSTANT_CONVERSION = YES;
				CLANG_WARN_DEPRECATED_OBJC_IMPLEMENTATIONS = YES;
				CLANG_WARN_DIRECT_OBJC_ISA_USAGE = YES_ERROR;
				CLANG_WARN_DOCUMENTATION_COMMENTS = YES;
				CLANG_WARN_EMPTY_BODY = YES;
				CLANG_WARN_ENUM_CONVERSION = YES;
				CLANG_WARN_INFINITE_RECURSION = YES;
				CLANG_WARN_INT_CONVERSION = YES;
				CLANG_WARN_NON_LITERAL_NULL_CONVERSION = YES;
				CLANG_WARN_OBJC_IMPLICIT_RETAIN_SELF = YES;
				CLANG_WARN_OBJC_LITERAL_CONVERSION = YES;
				CLANG_WARN_OBJC_ROOT_CLASS = YES_ERROR;
				CLANG_WARN_QUOTED_INCLUDE_IN_FRAMEWORK_HEADER = YES;
				CLANG_WARN_RANGE_LOOP_ANALYSIS = YES;
				CLANG_WARN_STRICT_PROTOTYPES = YES;
				CLANG_WARN_SUSPICIOUS_MOVE = YES;
				CLANG_WARN_UNGUARDED_AVAILABILITY = YES_AGGRESSIVE;
				CLANG_WARN_UNREACHABLE_CODE = YES;
				CLANG_WARN__DUPLICATE_METHOD_MATCH = YES;
				COPY_PHASE_STRIP = NO;
				DEBUG_INFORMATION_FORMAT = dwarf;
				ENABLE_STRICT_OBJC_MSGSEND = YES;
				ENABLE_TESTABILITY = YES;
				GCC_C_LANGUAGE_STANDARD = gnu11;
				GCC_DYNAMIC_NO_PIC = NO;
				GCC_NO_COMMON_BLOCKS = YES;
				GCC_OPTIMIZATION_LEVEL = 0;
				GCC_PREPROCESSOR_DEFINITIONS = (
					"DEBUG=1",
					"$(inherited)",
				);
				GCC_WARN_64_TO_32_BIT_CONVERSION = YES;
				GCC_WARN_ABOUT_RETURN_TYPE = YES_ERROR;
				GCC_WARN_UNDECLARED_SELECTOR = YES;
				GCC_WARN_UNINITIALIZED_AUTOS = YES_AGGRESSIVE;
				GCC_WARN_UNUSED_FUNCTION = YES;
				GCC_WARN_UNUSED_VARIABLE = YES;
				IPHONEOS_DEPLOYMENT_TARGET = 15.0;
				MTL_ENABLE_DEBUG_INFO = INCLUDE_SOURCE;
				MTL_FAST_MATH = YES;
				ONLY_ACTIVE_ARCH = YES;
				SDKROOT = iphoneos;
				SWIFT_ACTIVE_COMPILATION_CONDITIONS = DEBUG;
				SWIFT_OPTIMIZATION_LEVEL = "-Onone";
			};
			name = Debug;
		};
		5497AE17273DFD4C00E37A6C /* Release */ = {
			isa = XCBuildConfiguration;
			buildSettings = {
				ALWAYS_SEARCH_USER_PATHS = NO;
				CLANG_ANALYZER_NONNULL = YES;
				CLANG_ANALYZER_NUMBER_OBJECT_CONVERSION = YES_AGGRESSIVE;
				CLANG_CXX_LANGUAGE_STANDARD = "gnu++17";
				CLANG_CXX_LIBRARY = "libc++";
				CLANG_ENABLE_MODULES = YES;
				CLANG_ENABLE_OBJC_ARC = YES;
				CLANG_ENABLE_OBJC_WEAK = YES;
				CLANG_WARN_BLOCK_CAPTURE_AUTORELEASING = YES;
				CLANG_WARN_BOOL_CONVERSION = YES;
				CLANG_WARN_COMMA = YES;
				CLANG_WARN_CONSTANT_CONVERSION = YES;
				CLANG_WARN_DEPRECATED_OBJC_IMPLEMENTATIONS = YES;
				CLANG_WARN_DIRECT_OBJC_ISA_USAGE = YES_ERROR;
				CLANG_WARN_DOCUMENTATION_COMMENTS = YES;
				CLANG_WARN_EMPTY_BODY = YES;
				CLANG_WARN_ENUM_CONVERSION = YES;
				CLANG_WARN_INFINITE_RECURSION = YES;
				CLANG_WARN_INT_CONVERSION = YES;
				CLANG_WARN_NON_LITERAL_NULL_CONVERSION = YES;
				CLANG_WARN_OBJC_IMPLICIT_RETAIN_SELF = YES;
				CLANG_WARN_OBJC_LITERAL_CONVERSION = YES;
				CLANG_WARN_OBJC_ROOT_CLASS = YES_ERROR;
				CLANG_WARN_QUOTED_INCLUDE_IN_FRAMEWORK_HEADER = YES;
				CLANG_WARN_RANGE_LOOP_ANALYSIS = YES;
				CLANG_WARN_STRICT_PROTOTYPES = YES;
				CLANG_WARN_SUSPICIOUS_MOVE = YES;
				CLANG_WARN_UNGUARDED_AVAILABILITY = YES_AGGRESSIVE;
				CLANG_WARN_UNREACHABLE_CODE = YES;
				CLANG_WARN__DUPLICATE_METHOD_MATCH = YES;
				COPY_PHASE_STRIP = NO;
				DEBUG_INFORMATION_FORMAT = "dwarf-with-dsym";
				ENABLE_NS_ASSERTIONS = NO;
				ENABLE_STRICT_OBJC_MSGSEND = YES;
				GCC_C_LANGUAGE_STANDARD = gnu11;
				GCC_NO_COMMON_BLOCKS = YES;
				GCC_WARN_64_TO_32_BIT_CONVERSION = YES;
				GCC_WARN_ABOUT_RETURN_TYPE = YES_ERROR;
				GCC_WARN_UNDECLARED_SELECTOR = YES;
				GCC_WARN_UNINITIALIZED_AUTOS = YES_AGGRESSIVE;
				GCC_WARN_UNUSED_FUNCTION = YES;
				GCC_WARN_UNUSED_VARIABLE = YES;
				IPHONEOS_DEPLOYMENT_TARGET = 15.0;
				MTL_ENABLE_DEBUG_INFO = NO;
				MTL_FAST_MATH = YES;
				SDKROOT = iphoneos;
				SWIFT_COMPILATION_MODE = wholemodule;
				SWIFT_OPTIMIZATION_LEVEL = "-O";
				VALIDATE_PRODUCT = YES;
			};
			name = Release;
		};
		5497AE19273DFD4C00E37A6C /* Debug */ = {
			isa = XCBuildConfiguration;
			buildSettings = {
				ASSETCATALOG_COMPILER_APPICON_NAME = AppIcon;
				ASSETCATALOG_COMPILER_GLOBAL_ACCENT_COLOR_NAME = AccentColor;
				CODE_SIGN_STYLE = Automatic;
				CURRENT_PROJECT_VERSION = 1;
				DEVELOPMENT_TEAM = N25Y66HM7B;
				GENERATE_INFOPLIST_FILE = YES;
				INFOPLIST_FILE = FilipeJessicaCarol/Info.plist;
				INFOPLIST_KEY_CFBundleDisplayName = ComprasUSA;
				INFOPLIST_KEY_NSCameraUsageDescription = "Vamos tirar uma foto?";
				INFOPLIST_KEY_NSPhotoLibraryUsageDescription = "Vamos escolher uma foto?";
				INFOPLIST_KEY_UIApplicationSupportsIndirectInputEvents = YES;
				INFOPLIST_KEY_UILaunchStoryboardName = LaunchScreen;
				INFOPLIST_KEY_UIMainStoryboardFile = Main;
				INFOPLIST_KEY_UISupportedInterfaceOrientations = UIInterfaceOrientationPortrait;
				INFOPLIST_KEY_UISupportedInterfaceOrientations_iPad = "UIInterfaceOrientationPortrait UIInterfaceOrientationPortraitUpsideDown UIInterfaceOrientationLandscapeLeft UIInterfaceOrientationLandscapeRight";
				INFOPLIST_KEY_UISupportedInterfaceOrientations_iPhone = "UIInterfaceOrientationPortrait UIInterfaceOrientationLandscapeLeft UIInterfaceOrientationLandscapeRight";
				LD_RUNPATH_SEARCH_PATHS = (
					"$(inherited)",
					"@executable_path/Frameworks",
				);
				MARKETING_VERSION = 1.0;
				PRODUCT_BUNDLE_IDENTIFIER = br.com.comprasUSA.FilipeJessicaCarol;
				PRODUCT_NAME = "$(TARGET_NAME)";
				SWIFT_EMIT_LOC_STRINGS = YES;
				SWIFT_VERSION = 5.0;
				TARGETED_DEVICE_FAMILY = "1,2";
			};
			name = Debug;
		};
		5497AE1A273DFD4C00E37A6C /* Release */ = {
			isa = XCBuildConfiguration;
			buildSettings = {
				ASSETCATALOG_COMPILER_APPICON_NAME = AppIcon;
				ASSETCATALOG_COMPILER_GLOBAL_ACCENT_COLOR_NAME = AccentColor;
				CODE_SIGN_STYLE = Automatic;
				CURRENT_PROJECT_VERSION = 1;
				DEVELOPMENT_TEAM = N25Y66HM7B;
				GENERATE_INFOPLIST_FILE = YES;
				INFOPLIST_FILE = FilipeJessicaCarol/Info.plist;
				INFOPLIST_KEY_CFBundleDisplayName = ComprasUSA;
				INFOPLIST_KEY_NSCameraUsageDescription = "Vamos tirar uma foto?";
				INFOPLIST_KEY_NSPhotoLibraryUsageDescription = "Vamos escolher uma foto?";
				INFOPLIST_KEY_UIApplicationSupportsIndirectInputEvents = YES;
				INFOPLIST_KEY_UILaunchStoryboardName = LaunchScreen;
				INFOPLIST_KEY_UIMainStoryboardFile = Main;
				INFOPLIST_KEY_UISupportedInterfaceOrientations = UIInterfaceOrientationPortrait;
				INFOPLIST_KEY_UISupportedInterfaceOrientations_iPad = "UIInterfaceOrientationPortrait UIInterfaceOrientationPortraitUpsideDown UIInterfaceOrientationLandscapeLeft UIInterfaceOrientationLandscapeRight";
				INFOPLIST_KEY_UISupportedInterfaceOrientations_iPhone = "UIInterfaceOrientationPortrait UIInterfaceOrientationLandscapeLeft UIInterfaceOrientationLandscapeRight";
				LD_RUNPATH_SEARCH_PATHS = (
					"$(inherited)",
					"@executable_path/Frameworks",
				);
				MARKETING_VERSION = 1.0;
				PRODUCT_BUNDLE_IDENTIFIER = br.com.comprasUSA.FilipeJessicaCarol;
				PRODUCT_NAME = "$(TARGET_NAME)";
				SWIFT_EMIT_LOC_STRINGS = YES;
				SWIFT_VERSION = 5.0;
				TARGETED_DEVICE_FAMILY = "1,2";
			};
			name = Release;
		};
/* End XCBuildConfiguration section */

/* Begin XCConfigurationList section */
		5497ADFF273DFD4A00E37A6C /* Build configuration list for PBXProject "FilipeJessicaCarol" */ = {
			isa = XCConfigurationList;
			buildConfigurations = (
				5497AE16273DFD4C00E37A6C /* Debug */,
				5497AE17273DFD4C00E37A6C /* Release */,
			);
			defaultConfigurationIsVisible = 0;
			defaultConfigurationName = Release;
		};
		5497AE18273DFD4C00E37A6C /* Build configuration list for PBXNativeTarget "FilipeJessicaCarol" */ = {
			isa = XCConfigurationList;
			buildConfigurations = (
				5497AE19273DFD4C00E37A6C /* Debug */,
				5497AE1A273DFD4C00E37A6C /* Release */,
			);
			defaultConfigurationIsVisible = 0;
			defaultConfigurationName = Release;
		};
/* End XCConfigurationList section */

/* Begin XCVersionGroup section */
		542C21DF2746928F00F7CF3B /* FilipeJessicaCarol.xcdatamodeld */ = {
			isa = XCVersionGroup;
			children = (
				542C21E02746928F00F7CF3B /* CoreData.xcdatamodel */,
			);
			currentVersion = 542C21E02746928F00F7CF3B /* CoreData.xcdatamodel */;
			name = FilipeJessicaCarol.xcdatamodeld;
			path = ../FilipeJessicaCarol.xcdatamodeld;
			sourceTree = "<group>";
			versionGroupType = wrapper.xcdatamodel;
		};
/* End XCVersionGroup section */
	};
	rootObject = 5497ADFC273DFD4A00E37A6C /* Project object */;
}
